
Microsoft Visual Studio Solution File, Format Version 12.00
# Visual Studio Version 17
VisualStudioVersion = 17.3.32922.545
MinimumVisualStudioVersion = 10.0.40219.1
Project("{9A19103F-16F7-4668-BE54-9A1E7A4F7556}") = "153505_Brykulskii_Lab7", "153505_Brykulskii_Lab7\153505_Brykulskii_Lab7.csproj", "{B939F71E-AF45-45E0-AEAD-F3998EEB5995}"
EndProject
Project("{FAE04EC0-301F-11D3-BF4B-00C04F79EFBC}") = "ClassLibrary", "ClassLibrary\ClassLibrary.csproj", "{DD0070BE-9544-4D3B-A172-F5E7D8203B7D}"
EndProject
Global
	GlobalSection(SolutionConfigurationPlatforms) = preSolution
		Debug|Any CPU = Debug|Any CPU
		Release|Any CPU = Release|Any CPU
	EndGlobalSection
	GlobalSection(ProjectConfigurationPlatforms) = postSolution
		{B939F71E-AF45-45E0-AEAD-F3998EEB5995}.Debug|Any CPU.ActiveCfg = Debug|Any CPU
		{B939F71E-AF45-45E0-AEAD-F3998EEB5995}.Debug|Any CPU.Build.0 = Debug|Any CPU
		{B939F71E-AF45-45E0-AEAD-F3998EEB5995}.Release|Any CPU.ActiveCfg = Release|Any CPU
		{B939F71E-AF45-45E0-AEAD-F3998EEB5995}.Release|Any CPU.Build.0 = Release|Any CPU
		{DD0070BE-9544-4D3B-A172-F5E7D8203B7D}.Debug|Any CPU.ActiveCfg = Debug|Any CPU
		{DD0070BE-9544-4D3B-A172-F5E7D8203B7D}.Debug|Any CPU.Build.0 = Debug|Any CPU
		{DD0070BE-9544-4D3B-A172-F5E7D8203B7D}.Release|Any CPU.ActiveCfg = Release|Any CPU
		{DD0070BE-9544-4D3B-A172-F5E7D8203B7D}.Release|Any CPU.Build.0 = Release|Any CPU
	EndGlobalSection
	GlobalSection(SolutionProperties) = preSolution
		HideSolutionNode = FALSE
	EndGlobalSection
	GlobalSection(ExtensibilityGlobals) = postSolution
		SolutionGuid = {4D2E7CEF-F8E5-49F7-9B77-87F60431998C}
	EndGlobalSection
EndGlobal
